// !$*UTF8*$!
{
	archiveVersion = 1;
	classes = {
	};
	objectVersion = 50;
	objects = {

/* Begin PBXBuildFile section */
		428E9049DA9ECDFD9B72BE9F /* Pods_InstaPro.framework in Frameworks */ = {isa = PBXBuildFile; fileRef = 87396308A416F2211F965BE8 /* Pods_InstaPro.framework */; };
		5384E91C212FCF6E00F12275 /* AppDelegate.swift in Sources */ = {isa = PBXBuildFile; fileRef = 5384E91B212FCF6E00F12275 /* AppDelegate.swift */; };
		5384E91E212FCF6E00F12275 /* ViewController.swift in Sources */ = {isa = PBXBuildFile; fileRef = 5384E91D212FCF6E00F12275 /* ViewController.swift */; };
		5384E921212FCF6E00F12275 /* Main.storyboard in Resources */ = {isa = PBXBuildFile; fileRef = 5384E91F212FCF6E00F12275 /* Main.storyboard */; };
		5384E923212FCF7000F12275 /* Assets.xcassets in Resources */ = {isa = PBXBuildFile; fileRef = 5384E922212FCF7000F12275 /* Assets.xcassets */; };
		5384E926212FCF7000F12275 /* LaunchScreen.storyboard in Resources */ = {isa = PBXBuildFile; fileRef = 5384E924212FCF7000F12275 /* LaunchScreen.storyboard */; };
/* End PBXBuildFile section */

/* Begin PBXFileReference section */
		02AC68ADBB8564D6649C4D6F /* Pods-InstaPro.release.xcconfig */ = {isa = PBXFileReference; includeInIndex = 1; lastKnownFileType = text.xcconfig; name = "Pods-InstaPro.release.xcconfig"; path = "Pods/Target Support Files/Pods-InstaPro/Pods-InstaPro.release.xcconfig"; sourceTree = "<group>"; };
		3FC52E4D2E3F2A8F3BDA2266 /* Pods-InstaPro.debug.xcconfig */ = {isa = PBXFileReference; includeInIndex = 1; lastKnownFileType = text.xcconfig; name = "Pods-InstaPro.debug.xcconfig"; path = "Pods/Target Support Files/Pods-InstaPro/Pods-InstaPro.debug.xcconfig"; sourceTree = "<group>"; };
		5384E918212FCF6E00F12275 /* InstaPro.app */ = {isa = PBXFileReference; explicitFileType = wrapper.application; includeInIndex = 0; path = InstaPro.app; sourceTree = BUILT_PRODUCTS_DIR; };
		5384E91B212FCF6E00F12275 /* AppDelegate.swift */ = {isa = PBXFileReference; lastKnownFileType = sourcecode.swift; path = AppDelegate.swift; sourceTree = "<group>"; };
		5384E91D212FCF6E00F12275 /* ViewController.swift */ = {isa = PBXFileReference; lastKnownFileType = sourcecode.swift; path = ViewController.swift; sourceTree = "<group>"; };
		5384E920212FCF6E00F12275 /* Base */ = {isa = PBXFileReference; lastKnownFileType = file.storyboard; name = Base; path = Base.lproj/Main.storyboard; sourceTree = "<group>"; };
		5384E922212FCF7000F12275 /* Assets.xcassets */ = {isa = PBXFileReference; lastKnownFileType = folder.assetcatalog; path = Assets.xcassets; sourceTree = "<group>"; };
		5384E925212FCF7000F12275 /* Base */ = {isa = PBXFileReference; lastKnownFileType = file.storyboard; name = Base; path = Base.lproj/LaunchScreen.storyboard; sourceTree = "<group>"; };
		5384E927212FCF7000F12275 /* Info.plist */ = {isa = PBXFileReference; lastKnownFileType = text.plist.xml; path = Info.plist; sourceTree = "<group>"; };
		87396308A416F2211F965BE8 /* Pods_InstaPro.framework */ = {isa = PBXFileReference; explicitFileType = wrapper.framework; includeInIndex = 0; path = Pods_InstaPro.framework; sourceTree = BUILT_PRODUCTS_DIR; };
/* End PBXFileReference section */

/* Begin PBXFrameworksBuildPhase section */
		5384E915212FCF6E00F12275 /* Frameworks */ = {
			isa = PBXFrameworksBuildPhase;
			buildActionMask = 2147483647;
			files = (
				428E9049DA9ECDFD9B72BE9F /* Pods_InstaPro.framework in Frameworks */,
			);
			runOnlyForDeploymentPostprocessing = 0;
		};
/* End PBXFrameworksBuildPhase section */

/* Begin PBXGroup section */
		0A84E26D687E7CE006FCA366 /* Frameworks */ = {
			isa = PBXGroup;
			children = (
				87396308A416F2211F965BE8 /* Pods_InstaPro.framework */,
			);
			name = Frameworks;
			sourceTree = "<group>";
		};
		5384E90F212FCF6E00F12275 = {
			isa = PBXGroup;
			children = (
				5384E91A212FCF6E00F12275 /* InstaPro */,
				5384E919212FCF6E00F12275 /* Products */,
				C0216CA86817539F89FADB1D /* Pods */,
				0A84E26D687E7CE006FCA366 /* Frameworks */,
			);
			sourceTree = "<group>";
		};
		5384E919212FCF6E00F12275 /* Products */ = {
			isa = PBXGroup;
			children = (
				5384E918212FCF6E00F12275 /* InstaPro.app */,
			);
			name = Products;
			sourceTree = "<group>";
		};
		5384E91A212FCF6E00F12275 /* InstaPro */ = {
			isa = PBXGroup;
			children = (
				5384E91B212FCF6E00F12275 /* AppDelegate.swift */,
				5384E91D212FCF6E00F12275 /* ViewController.swift */,
				5384E91F212FCF6E00F12275 /* Main.storyboard */,
				5384E922212FCF7000F12275 /* Assets.xcassets */,
				5384E924212FCF7000F12275 /* LaunchScreen.storyboard */,
				5384E927212FCF7000F12275 /* Info.plist */,
			);
			path = InstaPro;
			sourceTree = "<group>";
		};
		C0216CA86817539F89FADB1D /* Pods */ = {
			isa = PBXGroup;
			children = (
				3FC52E4D2E3F2A8F3BDA2266 /* Pods-InstaPro.debug.xcconfig */,
				02AC68ADBB8564D6649C4D6F /* Pods-InstaPro.release.xcconfig */,
			);
			name = Pods;
			sourceTree = "<group>";
		};
/* End PBXGroup section */

/* Begin PBXNativeTarget section */
		5384E917212FCF6E00F12275 /* InstaPro */ = {
			isa = PBXNativeTarget;
			buildConfigurationList = 5384E92A212FCF7000F12275 /* Build configuration list for PBXNativeTarget "InstaPro" */;
			buildPhases = (
				B5F571544FF1CC81524B6688 /* [CP] Check Pods Manifest.lock */,
				5384E914212FCF6E00F12275 /* Sources */,
				5384E915212FCF6E00F12275 /* Frameworks */,
				5384E916212FCF6E00F12275 /* Resources */,
				0AA47D79071E18381D9C4D2A /* [CP] Embed Pods Frameworks */,
			);
			buildRules = (
			);
			dependencies = (
			);
			name = InstaPro;
			productName = InstaPro;
			productReference = 5384E918212FCF6E00F12275 /* InstaPro.app */;
			productType = "com.apple.product-type.application";
		};
/* End PBXNativeTarget section */

/* Begin PBXProject section */
		5384E910212FCF6E00F12275 /* Project object */ = {
			isa = PBXProject;
			attributes = {
				LastSwiftUpdateCheck = 0940;
				LastUpgradeCheck = 0940;
				ORGANIZATIONNAME = "Amit Biswas";
				TargetAttributes = {
					5384E917212FCF6E00F12275 = {
						CreatedOnToolsVersion = 9.4.1;
					};
				};
			};
			buildConfigurationList = 5384E913212FCF6E00F12275 /* Build configuration list for PBXProject "InstaPro" */;
			compatibilityVersion = "Xcode 9.3";
			developmentRegion = en;
			hasScannedForEncodings = 0;
			knownRegions = (
				en,
				Base,
			);
			mainGroup = 5384E90F212FCF6E00F12275;
			productRefGroup = 5384E919212FCF6E00F12275 /* Products */;
			projectDirPath = "";
			projectRoot = "";
			targets = (
				5384E917212FCF6E00F12275 /* InstaPro */,
			);
		};
/* End PBXProject section */

/* Begin PBXResourcesBuildPhase section */
		5384E916212FCF6E00F12275 /* Resources */ = {
			isa = PBXResourcesBuildPhase;
			buildActionMask = 2147483647;
			files = (
				5384E926212FCF7000F12275 /* LaunchScreen.storyboard in Resources */,
				5384E923212FCF7000F12275 /* Assets.xcassets in Resources */,
				5384E921212FCF6E00F12275 /* Main.storyboard in Resources */,
			);
			runOnlyForDeploymentPostprocessing = 0;
		};
/* End PBXResourcesBuildPhase section */

/* Begin PBXShellScriptBuildPhase section */
		0AA47D79071E18381D9C4D2A /* [CP] Embed Pods Frameworks */ = {
			isa = PBXShellScriptBuildPhase;
			buildActionMask = 2147483647;
			files = (
			);
			inputFileListPaths = (
			);
			inputPaths = (
				"${SRCROOT}/Pods/Target Support Files/Pods-InstaPro/Pods-InstaPro-frameworks.sh",
				"${BUILT_PRODUCTS_DIR}/Bolts/Bolts.framework",
				"${BUILT_PRODUCTS_DIR}/Parse/Parse.framework",
			);
			name = "[CP] Embed Pods Frameworks";
			outputFileListPaths = (
			);
			outputPaths = (
				"${TARGET_BUILD_DIR}/${FRAMEWORKS_FOLDER_PATH}/Bolts.framework",
				"${TARGET_BUILD_DIR}/${FRAMEWORKS_FOLDER_PATH}/Parse.framework",
			);
			runOnlyForDeploymentPostprocessing = 0;
			shellPath = /bin/sh;
			shellScript = "\"${SRCROOT}/Pods/Target Support Files/Pods-InstaPro/Pods-InstaPro-frameworks.sh\"\n";
			showEnvVarsInLog = 0;
		};
		B5F571544FF1CC81524B6688 /* [CP] Check Pods Manifest.lock */ = {
			isa = PBXShellScriptBuildPhase;
			buildActionMask = 2147483647;
			files = (
			);
			inputFileListPaths = (
			);
			inputPaths = (
				"${PODS_PODFILE_DIR_PATH}/Podfile.lock",
				"${PODS_ROOT}/Manifest.lock",
			);
			name = "[CP] Check Pods Manifest.lock";
			outputFileListPaths = (
			);
			outputPaths = (
				"$(DERIVED_FILE_DIR)/Pods-InstaPro-checkManifestLockResult.txt",
			);
			runOnlyForDeploymentPostprocessing = 0;
			shellPath = /bin/sh;
			shellScript = "diff \"${PODS_PODFILE_DIR_PATH}/Podfile.lock\" \"${PODS_ROOT}/Manifest.lock\" > /dev/null\nif [ $? != 0 ] ; then\n    # print error to STDERR\n    echo \"error: The sandbox is not in sync with the Podfile.lock. Run 'pod install' or update your CocoaPods installation.\" >&2\n    exit 1\nfi\n# This output is used by Xcode 'outputs' to avoid re-running this script phase.\necho \"SUCCESS\" > \"${SCRIPT_OUTPUT_FILE_0}\"\n";
			showEnvVarsInLog = 0;
		};
/* End PBXShellScriptBuildPhase section */

/* Begin PBXSourcesBuildPhase section */
		5384E914212FCF6E00F12275 /* Sources */ = {
			isa = PBXSourcesBuildPhase;
			buildActionMask = 2147483647;
			files = (
				5384E91E212FCF6E00F12275 /* ViewController.swift in Sources */,
				5384E91C212FCF6E00F12275 /* AppDelegate.swift in Sources */,
			);
			runOnlyForDeploymentPostprocessing = 0;
		};
/* End PBXSourcesBuildPhase section */

/* Begin PBXVariantGroup section */
		5384E91F212FCF6E00F12275 /* Main.storyboard */ = {
			isa = PBXVariantGroup;
			children = (
				5384E920212FCF6E00F12275 /* Base */,
			);
			name = Main.storyboard;
			sourceTree = "<group>";
		};
		5384E924212FCF7000F12275 /* LaunchScreen.storyboard */ = {
			isa = PBXVariantGroup;
			children = (
				5384E925212FCF7000F12275 /* Base */,
			);
			name = LaunchScreen.storyboard;
			sourceTree = "<group>";
		};
/* End PBXVariantGroup section */

/* Begin XCBuildConfiguration section */
		5384E928212FCF7000F12275 /* Debug */ = {
			isa = XCBuildConfiguration;
			buildSettings = {
				ALWAYS_SEARCH_USER_PATHS = NO;
				CLANG_ANALYZER_NONNULL = YES;
				CLANG_ANALYZER_NUMBER_OBJECT_CONVERSION = YES_AGGRESSIVE;
				CLANG_CXX_LANGUAGE_STANDARD = "gnu++14";
				CLANG_CXX_LIBRARY = "libc++";
				CLANG_ENABLE_MODULES = YES;
				CLANG_ENABLE_OBJC_ARC = YES;
				CLANG_ENABLE_OBJC_WEAK = YES;
				CLANG_WARN_BLOCK_CAPTURE_AUTORELEASING = YES;
				CLANG_WARN_BOOL_CONVERSION = YES;
				CLANG_WARN_COMMA = YES;
				CLANG_WARN_CONSTANT_CONVERSION = YES;
				CLANG_WARN_DEPRECATED_OBJC_IMPLEMENTATIONS = YES;
				CLANG_WARN_DIRECT_OBJC_ISA_USAGE = YES_ERROR;
				CLANG_WARN_DOCUMENTATION_COMMENTS = YES;
				CLANG_WARN_EMPTY_BODY = YES;
				CLANG_WARN_ENUM_CONVERSION = YES;
				CLANG_WARN_INFINITE_RECURSION = YES;
				CLANG_WARN_INT_CONVERSION = YES;
				CLANG_WARN_NON_LITERAL_NULL_CONVERSION = YES;
				CLANG_WARN_OBJC_IMPLICIT_RETAIN_SELF = YES;
				CLANG_WARN_OBJC_LITERAL_CONVERSION = YES;
				CLANG_WARN_OBJC_ROOT_CLASS = YES_ERROR;
				CLANG_WARN_RANGE_LOOP_ANALYSIS = YES;
				CLANG_WARN_STRICT_PROTOTYPES = YES;
				CLANG_WARN_SUSPICIOUS_MOVE = YES;
				CLANG_WARN_UNGUARDED_AVAILABILITY = YES_AGGRESSIVE;
				CLANG_WARN_UNREACHABLE_CODE = YES;
				CLANG_WARN__DUPLICATE_METHOD_MATCH = YES;
				CODE_SIGN_IDENTITY = "iPhone Developer";
				COPY_PHASE_STRIP = NO;
				DEBUG_INFORMATION_FORMAT = dwarf;
				ENABLE_STRICT_OBJC_MSGSEND = YES;
				ENABLE_TESTABILITY = YES;
				GCC_C_LANGUAGE_STANDARD = gnu11;
				GCC_DYNAMIC_NO_PIC = NO;
				GCC_NO_COMMON_BLOCKS = YES;
				GCC_OPTIMIZATION_LEVEL = 0;
				GCC_PREPROCESSOR_DEFINITIONS = (
					"DEBUG=1",
					"$(inherited)",
				);
				GCC_WARN_64_TO_32_BIT_CONVERSION = YES;
				GCC_WARN_ABOUT_RETURN_TYPE = YES_ERROR;
				GCC_WARN_UNDECLARED_SELECTOR = YES;
				GCC_WARN_UNINITIALIZED_AUTOS = YES_AGGRESSIVE;
				GCC_WARN_UNUSED_FUNCTION = YES;
				GCC_WARN_UNUSED_VARIABLE = YES;
				IPHONEOS_DEPLOYMENT_TARGET = 11.4;
				MTL_ENABLE_DEBUG_INFO = YES;
				ONLY_ACTIVE_ARCH = YES;
				SDKROOT = iphoneos;
				SWIFT_ACTIVE_COMPILATION_CONDITIONS = DEBUG;
				SWIFT_OPTIMIZATION_LEVEL = "-Onone";
			};
			name = Debug;
		};
		5384E929212FCF7000F12275 /* Release */ = {
			isa = XCBuildConfiguration;
			buildSettings = {
				ALWAYS_SEARCH_USER_PATHS = NO;
				CLANG_ANALYZER_NONNULL = YES;
				CLANG_ANALYZER_NUMBER_OBJECT_CONVERSION = YES_AGGRESSIVE;
				CLANG_CXX_LANGUAGE_STANDARD = "gnu++14";
				CLANG_CXX_LIBRARY = "libc++";
				CLANG_ENABLE_MODULES = YES;
				CLANG_ENABLE_OBJC_ARC = YES;
				CLANG_ENABLE_OBJC_WEAK = YES;
				CLANG_WARN_BLOCK_CAPTURE_AUTORELEASING = YES;
				CLANG_WARN_BOOL_CONVERSION = YES;
				CLANG_WARN_COMMA = YES;
				CLANG_WARN_CONSTANT_CONVERSION = YES;
				CLANG_WARN_DEPRECATED_OBJC_IMPLEMENTATIONS = YES;
				CLANG_WARN_DIRECT_OBJC_ISA_USAGE = YES_ERROR;
				CLANG_WARN_DOCUMENTATION_COMMENTS = YES;
				CLANG_WARN_EMPTY_BODY = YES;
				CLANG_WARN_ENUM_CONVERSION = YES;
				CLANG_WARN_INFINITE_RECURSION = YES;
				CLANG_WARN_INT_CONVERSION = YES;
				CLANG_WARN_NON_LITERAL_NULL_CONVERSION = YES;
				CLANG_WARN_OBJC_IMPLICIT_RETAIN_SELF = YES;
				CLANG_WARN_OBJC_LITERAL_CONVERSION = YES;
				CLANG_WARN_OBJC_ROOT_CLASS = YES_ERROR;
				CLANG_WARN_RANGE_LOOP_ANALYSIS = YES;
				CLANG_WARN_STRICT_PROTOTYPES = YES;
				CLANG_WARN_SUSPICIOUS_MOVE = YES;
				CLANG_WARN_UNGUARDED_AVAILABILITY = YES_AGGRESSIVE;
				CLANG_WARN_UNREACHABLE_CODE = YES;
				CLANG_WARN__DUPLICATE_METHOD_MATCH = YES;
				CODE_SIGN_IDENTITY = "iPhone Developer";
				COPY_PHASE_STRIP = NO;
				DEBUG_INFORMATION_FORMAT = "dwarf-with-dsym";
				ENABLE_NS_ASSERTIONS = NO;
				ENABLE_STRICT_OBJC_MSGSEND = YES;
				GCC_C_LANGUAGE_STANDARD = gnu11;
				GCC_NO_COMMON_BLOCKS = YES;
				GCC_WARN_64_TO_32_BIT_CONVERSION = YES;
				GCC_WARN_ABOUT_RETURN_TYPE = YES_ERROR;
				GCC_WARN_UNDECLARED_SELECTOR = YES;
				GCC_WARN_UNINITIALIZED_AUTOS = YES_AGGRESSIVE;
				GCC_WARN_UNUSED_FUNCTION = YES;
				GCC_WARN_UNUSED_VARIABLE = YES;
				IPHONEOS_DEPLOYMENT_TARGET = 11.4;
				MTL_ENABLE_DEBUG_INFO = NO;
				SDKROOT = iphoneos;
				SWIFT_COMPILATION_MODE = wholemodule;
				SWIFT_OPTIMIZATION_LEVEL = "-O";
				VALIDATE_PRODUCT = YES;
			};
			name = Release;
		};
		5384E92B212FCF7000F12275 /* Debug */ = {
			isa = XCBuildConfiguration;
			baseConfigurationReference = 3FC52E4D2E3F2A8F3BDA2266 /* Pods-InstaPro.debug.xcconfig */;
			buildSettings = {
				ASSETCATALOG_COMPILER_APPICON_NAME = AppIcon;
				CODE_SIGN_STYLE = Automatic;
				DEVELOPMENT_TEAM = S7PY4FGBSY;
				INFOPLIST_FILE = InstaPro/Info.plist;
				LD_RUNPATH_SEARCH_PATHS = (
					"$(inherited)",
					"@executable_path/Frameworks",
				);
				PRODUCT_BUNDLE_IDENTIFIER = co.amitbiswas.InstaPro;
				PRODUCT_NAME = "$(TARGET_NAME)";
				SWIFT_VERSION = 4.0;
				TARGETED_DEVICE_FAMILY = "1,2";
			};
			name = Debug;
		};
		5384E92C212FCF7000F12275 /* Release */ = {
			isa = XCBuildConfiguration;
			baseConfigurationReference = 02AC68ADBB8564D6649C4D6F /* Pods-InstaPro.release.xcconfig */;
			buildSettings = {
				ASSETCATALOG_COMPILER_APPICON_NAME = AppIcon;
				CODE_SIGN_STYLE = Automatic;
				DEVELOPMENT_TEAM = S7PY4FGBSY;
				INFOPLIST_FILE = InstaPro/Info.plist;
				LD_RUNPATH_SEARCH_PATHS = (
					"$(inherited)",
					"@executable_path/Frameworks",
				);
				PRODUCT_BUNDLE_IDENTIFIER = co.amitbiswas.InstaPro;
				PRODUCT_NAME = "$(TARGET_NAME)";
				SWIFT_VERSION = 4.0;
				TARGETED_DEVICE_FAMILY = "1,2";
			};
			name = Release;
		};
/* End XCBuildConfiguration section */

/* Begin XCConfigurationList section */
		5384E913212FCF6E00F12275 /* Build configuration list for PBXProject "InstaPro" */ = {
			isa = XCConfigurationList;
			buildConfigurations = (
				5384E928212FCF7000F12275 /* Debug */,
				5384E929212FCF7000F12275 /* Release */,
			);
			defaultConfigurationIsVisible = 0;
			defaultConfigurationName = Release;
		};
		5384E92A212FCF7000F12275 /* Build configuration list for PBXNativeTarget "InstaPro" */ = {
			isa = XCConfigurationList;
			buildConfigurations = (
				5384E92B212FCF7000F12275 /* Debug */,
				5384E92C212FCF7000F12275 /* Release */,
			);
			defaultConfigurationIsVisible = 0;
			defaultConfigurationName = Release;
		};
/* End XCConfigurationList section */
	};
	rootObject = 5384E910212FCF6E00F12275 /* Project object */;
}
